
Microsoft Visual Studio Solution File, Format Version 12.00
# Visual Studio 15
VisualStudioVersion = 15.0.26730.8
MinimumVisualStudioVersion = 10.0.40219.1
Project("{F184B08F-C81C-45F6-A57F-5ABD9991F28F}") = "mxiong1b", "mxiong1b\mxiong1b.vbproj", "{D57982FB-1461-4238-AFC0-1EA7BCBF6E06}"
EndProject
Project("{F184B08F-C81C-45F6-A57F-5ABD9991F28F}") = "mxiong1c1", "mxiong1c1\mxiong1c1.vbproj", "{0A24E05A-1E46-4088-9993-DC5320656189}"
EndProject
Project("{F184B08F-C81C-45F6-A57F-5ABD9991F28F}") = "mxiong1d1", "mxiong1d1\mxiong1d1.vbproj", "{7691698E-10E6-4345-BDAA-97C98B4DAACE}"
EndProject
Project("{F184B08F-C81C-45F6-A57F-5ABD9991F28F}") = "mxiong1e1", "mxiong1e1\mxiong1e1.vbproj", "{6561F37D-DF96-41A1-B742-827B6202DC59}"
EndProject
Project("{F184B08F-C81C-45F6-A57F-5ABD9991F28F}") = "mxiong1f1", "mxiong1f1\mxiong1f1.vbproj", "{2103129D-A9D9-40A7-9A28-6F024EB6F0A7}"
EndProject
Project("{F184B08F-C81C-45F6-A57F-5ABD9991F28F}") = "mxiong1g1", "mxiong1g1\mxiong1g1.vbproj", "{C49637E9-8802-4F89-87EB-BF15C6288595}"
EndProject
Project("{F184B08F-C81C-45F6-A57F-5ABD9991F28F}") = "mxiong1h1", "mxiong1h1\mxiong1h1.vbproj", "{9116B16C-EA62-4607-9B16-2F5CF918CBF3}"
EndProject
Project("{F184B08F-C81C-45F6-A57F-5ABD9991F28F}") = "mxiong2a1", "mxiong2a1\mxiong2a1.vbproj", "{D79C5D19-E2D6-4E7E-8ACE-FEECA123CFD0}"
EndProject
Project("{F184B08F-C81C-45F6-A57F-5ABD9991F28F}") = "mxiongq1review2", "mxiongq1review2\mxiongq1review2.vbproj", "{6048F503-F554-46AB-8195-86883704C07E}"
EndProject
Project("{F184B08F-C81C-45F6-A57F-5ABD9991F28F}") = "mxiong2b1", "mxiong2b1\mxiong2b1.vbproj", "{C6B5D004-5A4A-4F3E-91FE-98524E9CB6EA}"
EndProject
Project("{F184B08F-C81C-45F6-A57F-5ABD9991F28F}") = "mxiong2c1", "mxiong2c1\mxiong2c1.vbproj", "{90AC5F3A-A645-4DC7-AFB6-CCD0149BA543}"
EndProject
Project("{F184B08F-C81C-45F6-A57F-5ABD9991F28F}") = "mxiong2f1", "mxiong2f1\mxiong2f1.vbproj", "{B10F5FC2-E17F-473B-9129-D6E7A384EC04}"
EndProject
Project("{F184B08F-C81C-45F6-A57F-5ABD9991F28F}") = "mxiong2d1", "mxiong2d1\mxiong2d1.vbproj", "{883CB95A-22C4-47D4-AB09-551B319496F1}"
EndProject
Global
	GlobalSection(SolutionConfigurationPlatforms) = preSolution
		Debug|Any CPU = Debug|Any CPU
		Release|Any CPU = Release|Any CPU
	EndGlobalSection
	GlobalSection(ProjectConfigurationPlatforms) = postSolution
		{D57982FB-1461-4238-AFC0-1EA7BCBF6E06}.Debug|Any CPU.ActiveCfg = Debug|Any CPU
		{D57982FB-1461-4238-AFC0-1EA7BCBF6E06}.Debug|Any CPU.Build.0 = Debug|Any CPU
		{D57982FB-1461-4238-AFC0-1EA7BCBF6E06}.Release|Any CPU.ActiveCfg = Release|Any CPU
		{D57982FB-1461-4238-AFC0-1EA7BCBF6E06}.Release|Any CPU.Build.0 = Release|Any CPU
		{0A24E05A-1E46-4088-9993-DC5320656189}.Debug|Any CPU.ActiveCfg = Debug|Any CPU
		{0A24E05A-1E46-4088-9993-DC5320656189}.Debug|Any CPU.Build.0 = Debug|Any CPU
		{0A24E05A-1E46-4088-9993-DC5320656189}.Release|Any CPU.ActiveCfg = Release|Any CPU
		{0A24E05A-1E46-4088-9993-DC5320656189}.Release|Any CPU.Build.0 = Release|Any CPU
		{7691698E-10E6-4345-BDAA-97C98B4DAACE}.Debug|Any CPU.ActiveCfg = Debug|Any CPU
		{7691698E-10E6-4345-BDAA-97C98B4DAACE}.Debug|Any CPU.Build.0 = Debug|Any CPU
		{7691698E-10E6-4345-BDAA-97C98B4DAACE}.Release|Any CPU.ActiveCfg = Release|Any CPU
		{7691698E-10E6-4345-BDAA-97C98B4DAACE}.Release|Any CPU.Build.0 = Release|Any CPU
		{6561F37D-DF96-41A1-B742-827B6202DC59}.Debug|Any CPU.ActiveCfg = Debug|Any CPU
		{6561F37D-DF96-41A1-B742-827B6202DC59}.Debug|Any CPU.Build.0 = Debug|Any CPU
		{6561F37D-DF96-41A1-B742-827B6202DC59}.Release|Any CPU.ActiveCfg = Release|Any CPU
		{6561F37D-DF96-41A1-B742-827B6202DC59}.Release|Any CPU.Build.0 = Release|Any CPU
		{2103129D-A9D9-40A7-9A28-6F024EB6F0A7}.Debug|Any CPU.ActiveCfg = Debug|Any CPU
		{2103129D-A9D9-40A7-9A28-6F024EB6F0A7}.Debug|Any CPU.Build.0 = Debug|Any CPU
		{2103129D-A9D9-40A7-9A28-6F024EB6F0A7}.Release|Any CPU.ActiveCfg = Release|Any CPU
		{2103129D-A9D9-40A7-9A28-6F024EB6F0A7}.Release|Any CPU.Build.0 = Release|Any CPU
		{C49637E9-8802-4F89-87EB-BF15C6288595}.Debug|Any CPU.ActiveCfg = Debug|Any CPU
		{C49637E9-8802-4F89-87EB-BF15C6288595}.Debug|Any CPU.Build.0 = Debug|Any CPU
		{C49637E9-8802-4F89-87EB-BF15C6288595}.Release|Any CPU.ActiveCfg = Release|Any CPU
		{C49637E9-8802-4F89-87EB-BF15C6288595}.Release|Any CPU.Build.0 = Release|Any CPU
		{9116B16C-EA62-4607-9B16-2F5CF918CBF3}.Debug|Any CPU.ActiveCfg = Debug|Any CPU
		{9116B16C-EA62-4607-9B16-2F5CF918CBF3}.Debug|Any CPU.Build.0 = Debug|Any CPU
		{9116B16C-EA62-4607-9B16-2F5CF918CBF3}.Release|Any CPU.ActiveCfg = Release|Any CPU
		{9116B16C-EA62-4607-9B16-2F5CF918CBF3}.Release|Any CPU.Build.0 = Release|Any CPU
		{D79C5D19-E2D6-4E7E-8ACE-FEECA123CFD0}.Debug|Any CPU.ActiveCfg = Debug|Any CPU
		{D79C5D19-E2D6-4E7E-8ACE-FEECA123CFD0}.Debug|Any CPU.Build.0 = Debug|Any CPU
		{D79C5D19-E2D6-4E7E-8ACE-FEECA123CFD0}.Release|Any CPU.ActiveCfg = Release|Any CPU
		{D79C5D19-E2D6-4E7E-8ACE-FEECA123CFD0}.Release|Any CPU.Build.0 = Release|Any CPU
		{6048F503-F554-46AB-8195-86883704C07E}.Debug|Any CPU.ActiveCfg = Debug|Any CPU
		{6048F503-F554-46AB-8195-86883704C07E}.Debug|Any CPU.Build.0 = Debug|Any CPU
		{6048F503-F554-46AB-8195-86883704C07E}.Release|Any CPU.ActiveCfg = Release|Any CPU
		{6048F503-F554-46AB-8195-86883704C07E}.Release|Any CPU.Build.0 = Release|Any CPU
		{C6B5D004-5A4A-4F3E-91FE-98524E9CB6EA}.Debug|Any CPU.ActiveCfg = Debug|Any CPU
		{C6B5D004-5A4A-4F3E-91FE-98524E9CB6EA}.Debug|Any CPU.Build.0 = Debug|Any CPU
		{C6B5D004-5A4A-4F3E-91FE-98524E9CB6EA}.Release|Any CPU.ActiveCfg = Release|Any CPU
		{C6B5D004-5A4A-4F3E-91FE-98524E9CB6EA}.Release|Any CPU.Build.0 = Release|Any CPU
		{90AC5F3A-A645-4DC7-AFB6-CCD0149BA543}.Debug|Any CPU.ActiveCfg = Debug|Any CPU
		{90AC5F3A-A645-4DC7-AFB6-CCD0149BA543}.Debug|Any CPU.Build.0 = Debug|Any CPU
		{90AC5F3A-A645-4DC7-AFB6-CCD0149BA543}.Release|Any CPU.ActiveCfg = Release|Any CPU
		{90AC5F3A-A645-4DC7-AFB6-CCD0149BA543}.Release|Any CPU.Build.0 = Release|Any CPU
		{B10F5FC2-E17F-473B-9129-D6E7A384EC04}.Debug|Any CPU.ActiveCfg = Debug|Any CPU
		{B10F5FC2-E17F-473B-9129-D6E7A384EC04}.Debug|Any CPU.Build.0 = Debug|Any CPU
		{B10F5FC2-E17F-473B-9129-D6E7A384EC04}.Release|Any CPU.ActiveCfg = Release|Any CPU
		{B10F5FC2-E17F-473B-9129-D6E7A384EC04}.Release|Any CPU.Build.0 = Release|Any CPU
		{883CB95A-22C4-47D4-AB09-551B319496F1}.Debug|Any CPU.ActiveCfg = Debug|Any CPU
		{883CB95A-22C4-47D4-AB09-551B319496F1}.Debug|Any CPU.Build.0 = Debug|Any CPU
		{883CB95A-22C4-47D4-AB09-551B319496F1}.Release|Any CPU.ActiveCfg = Release|Any CPU
		{883CB95A-22C4-47D4-AB09-551B319496F1}.Release|Any CPU.Build.0 = Release|Any CPU
	EndGlobalSection
	GlobalSection(SolutionProperties) = preSolution
		HideSolutionNode = FALSE
	EndGlobalSection
	GlobalSection(ExtensibilityGlobals) = postSolution
		SolutionGuid = {39BEB010-F566-4C33-8583-61EEA70B6CB9}
	EndGlobalSection
EndGlobal
